// !$*UTF8*$!
{
	archiveVersion = 1;
	classes = {
	};
	objectVersion = 77;
	objects = {

/* Begin PBXBuildFile section */
		004D90032EDC3CBE00BE5119 /* AppDelegate.swift in Sources */ = {isa = PBXBuildFile; fileRef = 004D8FF92EDC3CBE00BE5119 /* AppDelegate.swift */; };
		004D90042EDC3CBE00BE5119 /* SceneDelegate.swift in Sources */ = {isa = PBXBuildFile; fileRef = 004D90002EDC3CBE00BE5119 /* SceneDelegate.swift */; };
		004D90062EDC3CBE00BE5119 /* Assets.xcassets in Resources */ = {isa = PBXBuildFile; fileRef = 004D8FFA2EDC3CBE00BE5119 /* Assets.xcassets */; };
		004D90082EDC3CBE00BE5119 /* LaunchScreen.storyboard in Resources */ = {isa = PBXBuildFile; fileRef = 004D8FFD2EDC3CBE00BE5119 /* LaunchScreen.storyboard */; };
		004D909C2EDD39D200BE5119 /* POPLayerExtras.mm in Sources */ = {isa = PBXBuildFile; fileRef = 004D908C2EDD39D200BE5119 /* POPLayerExtras.mm */; };
		004D909D2EDD39D200BE5119 /* TransformationMatrix.cpp in Sources */ = {isa = PBXBuildFile; fileRef = 004D90652EDD39D200BE5119 /* TransformationMatrix.cpp */; };
		004D909E2EDD39D200BE5119 /* POPVector.mm in Sources */ = {isa = PBXBuildFile; fileRef = 004D90972EDD39D200BE5119 /* POPVector.mm */; };
		004D909F2EDD39D200BE5119 /* POPGeometry.mm in Sources */ = {isa = PBXBuildFile; fileRef = 004D908A2EDD39D200BE5119 /* POPGeometry.mm */; };
		004D90A02EDD39D200BE5119 /* POPAnimationEvent.mm in Sources */ = {isa = PBXBuildFile; fileRef = 004D90702EDD39D200BE5119 /* POPAnimationEvent.mm */; };
		004D90A12EDD39D200BE5119 /* POPAnimationTracer.mm in Sources */ = {isa = PBXBuildFile; fileRef = 004D90792EDD39D200BE5119 /* POPAnimationTracer.mm */; };
		004D90A22EDD39D200BE5119 /* POPMath.mm in Sources */ = {isa = PBXBuildFile; fileRef = 004D908E2EDD39D200BE5119 /* POPMath.mm */; };
		004D90A32EDD39D200BE5119 /* POPSpringAnimation.mm in Sources */ = {isa = PBXBuildFile; fileRef = 004D90932EDD39D200BE5119 /* POPSpringAnimation.mm */; };
		004D90A42EDD39D200BE5119 /* POPAnimation.mm in Sources */ = {isa = PBXBuildFile; fileRef = 004D906E2EDD39D200BE5119 /* POPAnimation.mm */; };
		004D90A52EDD39D200BE5119 /* POPAnimationExtras.mm in Sources */ = {isa = PBXBuildFile; fileRef = 004D90732EDD39D200BE5119 /* POPAnimationExtras.mm */; };
		004D90A62EDD39D200BE5119 /* POPAnimationRuntime.mm in Sources */ = {isa = PBXBuildFile; fileRef = 004D90772EDD39D200BE5119 /* POPAnimationRuntime.mm */; };
		004D90A72EDD39D200BE5119 /* POPPropertyAnimation.mm in Sources */ = {isa = PBXBuildFile; fileRef = 004D90902EDD39D200BE5119 /* POPPropertyAnimation.mm */; };
		004D90A82EDD39D200BE5119 /* POPBasicAnimation.mm in Sources */ = {isa = PBXBuildFile; fileRef = 004D907F2EDD39D200BE5119 /* POPBasicAnimation.mm */; };
		004D90A92EDD39D200BE5119 /* POPAnimator.mm in Sources */ = {isa = PBXBuildFile; fileRef = 004D907C2EDD39D200BE5119 /* POPAnimator.mm */; };
		004D90AA2EDD39D200BE5119 /* POPCustomAnimation.mm in Sources */ = {isa = PBXBuildFile; fileRef = 004D90842EDD39D200BE5119 /* POPCustomAnimation.mm */; };
		004D90AB2EDD39D200BE5119 /* POPDecayAnimation.mm in Sources */ = {isa = PBXBuildFile; fileRef = 004D90862EDD39D200BE5119 /* POPDecayAnimation.mm */; };
		004D90AC2EDD39D200BE5119 /* POPAnimatableProperty.mm in Sources */ = {isa = PBXBuildFile; fileRef = 004D906B2EDD39D200BE5119 /* POPAnimatableProperty.mm */; };
		004D90AD2EDD39D200BE5119 /* POPCGUtils.mm in Sources */ = {isa = PBXBuildFile; fileRef = 004D90822EDD39D200BE5119 /* POPCGUtils.mm */; };
		004D90B02EDD3B2E00BE5119 /* JPBounceView.m in Sources */ = {isa = PBXBuildFile; fileRef = 004D90182EDD35CB00BE5119 /* JPBounceView.m */; };
		004D90B22EDE8DC000BE5119 /* MainTabBarController.swift in Sources */ = {isa = PBXBuildFile; fileRef = 004D90B12EDE8DC000BE5119 /* MainTabBarController.swift */; };
		004D90B72EDE900400BE5119 /* Env.swift in Sources */ = {isa = PBXBuildFile; fileRef = 004D90B62EDE900400BE5119 /* Env.swift */; };
		004D90B92EDE936600BE5119 /* JPrint.swift in Sources */ = {isa = PBXBuildFile; fileRef = 004D90B82EDE936600BE5119 /* JPrint.swift */; };
		004D90BB2EDE987A00BE5119 /* Asyncs.swift in Sources */ = {isa = PBXBuildFile; fileRef = 004D90BA2EDE987A00BE5119 /* Asyncs.swift */; };
		004D90BC2EDEB98F00BE5119 /* WLTabBar.m in Sources */ = {isa = PBXBuildFile; fileRef = 004D90122EDD358800BE5119 /* WLTabBar.m */; };
		004D90BF2EDEBBF700BE5119 /* JPConstant.m in Sources */ = {isa = PBXBuildFile; fileRef = 004D90BE2EDEBBF700BE5119 /* JPConstant.m */; };
		004D90C12EDEC4D600BE5119 /* BaseNavigationController.swift in Sources */ = {isa = PBXBuildFile; fileRef = 004D90C02EDEC4D600BE5119 /* BaseNavigationController.swift */; };
		004D90C32EDEC4E800BE5119 /* BaseViewController.swift in Sources */ = {isa = PBXBuildFile; fileRef = 004D90C22EDEC4E800BE5119 /* BaseViewController.swift */; };
		004D90C72EDEC90700BE5119 /* UIView+JPPOP.m in Sources */ = {isa = PBXBuildFile; fileRef = 004D90C62EDEC90700BE5119 /* UIView+JPPOP.m */; };
		004D90C92EDEDADE00BE5119 /* TabBarContainer.swift in Sources */ = {isa = PBXBuildFile; fileRef = 004D90C82EDEDADE00BE5119 /* TabBarContainer.swift */; };
		004D90CB2EDEE9EC00BE5119 /* UIColor+Extension.swift in Sources */ = {isa = PBXBuildFile; fileRef = 004D90CA2EDEE9EC00BE5119 /* UIColor+Extension.swift */; };
		004D90D62EDEF27300BE5119 /* IMG_3.jpeg in Resources */ = {isa = PBXBuildFile; fileRef = 004D90D12EDEF27300BE5119 /* IMG_3.jpeg */; };
		004D90D72EDEF27300BE5119 /* IMG_4.jpeg in Resources */ = {isa = PBXBuildFile; fileRef = 004D90D22EDEF27300BE5119 /* IMG_4.jpeg */; };
		004D90D92EDEF27300BE5119 /* IMG_0.jpeg in Resources */ = {isa = PBXBuildFile; fileRef = 004D90CE2EDEF27300BE5119 /* IMG_0.jpeg */; };
		004D90DA2EDEF27300BE5119 /* IMG_5.jpeg in Resources */ = {isa = PBXBuildFile; fileRef = 004D90D32EDEF27300BE5119 /* IMG_5.jpeg */; };
		004D90DB2EDEF27300BE5119 /* IMG_6.jpeg in Resources */ = {isa = PBXBuildFile; fileRef = 004D90D42EDEF27300BE5119 /* IMG_6.jpeg */; };
		004D90DC2EDEF27300BE5119 /* IMG_2.jpeg in Resources */ = {isa = PBXBuildFile; fileRef = 004D90D52EDEF27300BE5119 /* IMG_2.jpeg */; };
		004D90DD2EDEF27300BE5119 /* IMG_1.jpeg in Resources */ = {isa = PBXBuildFile; fileRef = 004D90CF2EDEF27300BE5119 /* IMG_1.jpeg */; };
		004D90DF2EDEFA8000BE5119 /* HomeViewController.swift in Sources */ = {isa = PBXBuildFile; fileRef = 004D90DE2EDEFA8000BE5119 /* HomeViewController.swift */; };
		004D90E12EDF013B00BE5119 /* TempViewController.swift in Sources */ = {isa = PBXBuildFile; fileRef = 004D90E02EDF013B00BE5119 /* TempViewController.swift */; };
		004D91112EEFB03400BE5119 /* WLTabBar+.swift in Sources */ = {isa = PBXBuildFile; fileRef = 004D91102EEFB03400BE5119 /* WLTabBar+.swift */; };
		004D91142EEFB16100BE5119 /* MainTab.swift in Sources */ = {isa = PBXBuildFile; fileRef = 004D91132EEFB16100BE5119 /* MainTab.swift */; };
/* End PBXBuildFile section */

/* Begin PBXFileReference section */
		004D8FD12EDC3C7D00BE5119 /* ClassicTabBarUsingDemo.app */ = {isa = PBXFileReference; explicitFileType = wrapper.application; includeInIndex = 0; path = ClassicTabBarUsingDemo.app; sourceTree = BUILT_PRODUCTS_DIR; };
		004D8FF92EDC3CBE00BE5119 /* AppDelegate.swift */ = {isa = PBXFileReference; lastKnownFileType = sourcecode.swift; path = AppDelegate.swift; sourceTree = "<group>"; };
		004D8FFA2EDC3CBE00BE5119 /* Assets.xcassets */ = {isa = PBXFileReference; lastKnownFileType = folder.assetcatalog; path = Assets.xcassets; sourceTree = "<group>"; };
		004D8FFB2EDC3CBE00BE5119 /* Info.plist */ = {isa = PBXFileReference; lastKnownFileType = text.plist.xml; path = Info.plist; sourceTree = "<group>"; };
		004D8FFC2EDC3CBE00BE5119 /* Base */ = {isa = PBXFileReference; lastKnownFileType = file.storyboard; name = Base; path = Base.lproj/LaunchScreen.storyboard; sourceTree = "<group>"; };
		004D90002EDC3CBE00BE5119 /* SceneDelegate.swift */ = {isa = PBXFileReference; lastKnownFileType = sourcecode.swift; path = SceneDelegate.swift; sourceTree = "<group>"; };
		004D900D2EDD354F00BE5119 /* ClassicTabBarUsingDemo-Bridging-Header.h */ = {isa = PBXFileReference; lastKnownFileType = sourcecode.c.h; path = "ClassicTabBarUsingDemo-Bridging-Header.h"; sourceTree = "<group>"; };
		004D90112EDD358800BE5119 /* WLTabBar.h */ = {isa = PBXFileReference; lastKnownFileType = sourcecode.c.h; path = WLTabBar.h; sourceTree = "<group>"; };
		004D90122EDD358800BE5119 /* WLTabBar.m */ = {isa = PBXFileReference; lastKnownFileType = sourcecode.c.objc; path = WLTabBar.m; sourceTree = "<group>"; };
		004D90172EDD35CB00BE5119 /* JPBounceView.h */ = {isa = PBXFileReference; lastKnownFileType = sourcecode.c.h; path = JPBounceView.h; sourceTree = "<group>"; };
		004D90182EDD35CB00BE5119 /* JPBounceView.m */ = {isa = PBXFileReference; lastKnownFileType = sourcecode.c.objc; path = JPBounceView.m; sourceTree = "<group>"; };
		004D90632EDD39D200BE5119 /* FloatConversion.h */ = {isa = PBXFileReference; lastKnownFileType = sourcecode.c.h; path = FloatConversion.h; sourceTree = "<group>"; };
		004D90642EDD39D200BE5119 /* TransformationMatrix.h */ = {isa = PBXFileReference; lastKnownFileType = sourcecode.c.h; path = TransformationMatrix.h; sourceTree = "<group>"; };
		004D90652EDD39D200BE5119 /* TransformationMatrix.cpp */ = {isa = PBXFileReference; lastKnownFileType = sourcecode.cpp.cpp; path = TransformationMatrix.cpp; sourceTree = "<group>"; };
		004D90662EDD39D200BE5119 /* UnitBezier.h */ = {isa = PBXFileReference; lastKnownFileType = sourcecode.c.h; path = UnitBezier.h; sourceTree = "<group>"; };
		004D90682EDD39D200BE5119 /* POP.h */ = {isa = PBXFileReference; lastKnownFileType = sourcecode.c.h; path = POP.h; sourceTree = "<group>"; };
		004D90692EDD39D200BE5119 /* POPAction.h */ = {isa = PBXFileReference; lastKnownFileType = sourcecode.c.h; path = POPAction.h; sourceTree = "<group>"; };
		004D906A2EDD39D200BE5119 /* POPAnimatableProperty.h */ = {isa = PBXFileReference; lastKnownFileType = sourcecode.c.h; path = POPAnimatableProperty.h; sourceTree = "<group>"; };
		004D906B2EDD39D200BE5119 /* POPAnimatableProperty.mm */ = {isa = PBXFileReference; lastKnownFileType = sourcecode.cpp.objcpp; path = POPAnimatableProperty.mm; sourceTree = "<group>"; };
		004D906C2EDD39D200BE5119 /* POPAnimatablePropertyTypes.h */ = {isa = PBXFileReference; lastKnownFileType = sourcecode.c.h; path = POPAnimatablePropertyTypes.h; sourceTree = "<group>"; };
		004D906D2EDD39D200BE5119 /* POPAnimation.h */ = {isa = PBXFileReference; lastKnownFileType = sourcecode.c.h; path = POPAnimation.h; sourceTree = "<group>"; };
		004D906E2EDD39D200BE5119 /* POPAnimation.mm */ = {isa = PBXFileReference; lastKnownFileType = sourcecode.cpp.objcpp; path = POPAnimation.mm; sourceTree = "<group>"; };
		004D906F2EDD39D200BE5119 /* POPAnimationEvent.h */ = {isa = PBXFileReference; lastKnownFileType = sourcecode.c.h; path = POPAnimationEvent.h; sourceTree = "<group>"; };
		004D90702EDD39D200BE5119 /* POPAnimationEvent.mm */ = {isa = PBXFileReference; lastKnownFileType = sourcecode.cpp.objcpp; path = POPAnimationEvent.mm; sourceTree = "<group>"; };
		004D90712EDD39D200BE5119 /* POPAnimationEventInternal.h */ = {isa = PBXFileReference; lastKnownFileType = sourcecode.c.h; path = POPAnimationEventInternal.h; sourceTree = "<group>"; };
		004D90722EDD39D200BE5119 /* POPAnimationExtras.h */ = {isa = PBXFileReference; lastKnownFileType = sourcecode.c.h; path = POPAnimationExtras.h; sourceTree = "<group>"; };
		004D90732EDD39D200BE5119 /* POPAnimationExtras.mm */ = {isa = PBXFileReference; lastKnownFileType = sourcecode.cpp.objcpp; path = POPAnimationExtras.mm; sourceTree = "<group>"; };
		004D90742EDD39D200BE5119 /* POPAnimationInternal.h */ = {isa = PBXFileReference; lastKnownFileType = sourcecode.c.h; path = POPAnimationInternal.h; sourceTree = "<group>"; };
		004D90752EDD39D200BE5119 /* POPAnimationPrivate.h */ = {isa = PBXFileReference; lastKnownFileType = sourcecode.c.h; path = POPAnimationPrivate.h; sourceTree = "<group>"; };
		004D90762EDD39D200BE5119 /* POPAnimationRuntime.h */ = {isa = PBXFileReference; lastKnownFileType = sourcecode.c.h; path = POPAnimationRuntime.h; sourceTree = "<group>"; };
		004D90772EDD39D200BE5119 /* POPAnimationRuntime.mm */ = {isa = PBXFileReference; lastKnownFileType = sourcecode.cpp.objcpp; path = POPAnimationRuntime.mm; sourceTree = "<group>"; };
		004D90782EDD39D200BE5119 /* POPAnimationTracer.h */ = {isa = PBXFileReference; lastKnownFileType = sourcecode.c.h; path = POPAnimationTracer.h; sourceTree = "<group>"; };
		004D90792EDD39D200BE5119 /* POPAnimationTracer.mm */ = {isa = PBXFileReference; lastKnownFileType = sourcecode.cpp.objcpp; path = POPAnimationTracer.mm; sourceTree = "<group>"; };
		004D907A2EDD39D200BE5119 /* POPAnimationTracerInternal.h */ = {isa = PBXFileReference; lastKnownFileType = sourcecode.c.h; path = POPAnimationTracerInternal.h; sourceTree = "<group>"; };
		004D907B2EDD39D200BE5119 /* POPAnimator.h */ = {isa = PBXFileReference; lastKnownFileType = sourcecode.c.h; path = POPAnimator.h; sourceTree = "<group>"; };
		004D907C2EDD39D200BE5119 /* POPAnimator.mm */ = {isa = PBXFileReference; lastKnownFileType = sourcecode.cpp.objcpp; path = POPAnimator.mm; sourceTree = "<group>"; };
		004D907D2EDD39D200BE5119 /* POPAnimatorPrivate.h */ = {isa = PBXFileReference; lastKnownFileType = sourcecode.c.h; path = POPAnimatorPrivate.h; sourceTree = "<group>"; };
		004D907E2EDD39D200BE5119 /* POPBasicAnimation.h */ = {isa = PBXFileReference; lastKnownFileType = sourcecode.c.h; path = POPBasicAnimation.h; sourceTree = "<group>"; };
		004D907F2EDD39D200BE5119 /* POPBasicAnimation.mm */ = {isa = PBXFileReference; lastKnownFileType = sourcecode.cpp.objcpp; path = POPBasicAnimation.mm; sourceTree = "<group>"; };
		004D90802EDD39D200BE5119 /* POPBasicAnimationInternal.h */ = {isa = PBXFileReference; lastKnownFileType = sourcecode.c.h; path = POPBasicAnimationInternal.h; sourceTree = "<group>"; };
		004D90812EDD39D200BE5119 /* POPCGUtils.h */ = {isa = PBXFileReference; lastKnownFileType = sourcecode.c.h; path = POPCGUtils.h; sourceTree = "<group>"; };
		004D90822EDD39D200BE5119 /* POPCGUtils.mm */ = {isa = PBXFileReference; lastKnownFileType = sourcecode.cpp.objcpp; path = POPCGUtils.mm; sourceTree = "<group>"; };
		004D90832EDD39D200BE5119 /* POPCustomAnimation.h */ = {isa = PBXFileReference; lastKnownFileType = sourcecode.c.h; path = POPCustomAnimation.h; sourceTree = "<group>"; };
		004D90842EDD39D200BE5119 /* POPCustomAnimation.mm */ = {isa = PBXFileReference; lastKnownFileType = sourcecode.cpp.objcpp; path = POPCustomAnimation.mm; sourceTree = "<group>"; };
		004D90852EDD39D200BE5119 /* POPDecayAnimation.h */ = {isa = PBXFileReference; lastKnownFileType = sourcecode.c.h; path = POPDecayAnimation.h; sourceTree = "<group>"; };
		004D90862EDD39D200BE5119 /* POPDecayAnimation.mm */ = {isa = PBXFileReference; lastKnownFileType = sourcecode.cpp.objcpp; path = POPDecayAnimation.mm; sourceTree = "<group>"; };
		004D90872EDD39D200BE5119 /* POPDecayAnimationInternal.h */ = {isa = PBXFileReference; lastKnownFileType = sourcecode.c.h; path = POPDecayAnimationInternal.h; sourceTree = "<group>"; };
		004D90882EDD39D200BE5119 /* POPDefines.h */ = {isa = PBXFileReference; lastKnownFileType = sourcecode.c.h; path = POPDefines.h; sourceTree = "<group>"; };
		004D90892EDD39D200BE5119 /* POPGeometry.h */ = {isa = PBXFileReference; lastKnownFileType = sourcecode.c.h; path = POPGeometry.h; sourceTree = "<group>"; };
		004D908A2EDD39D200BE5119 /* POPGeometry.mm */ = {isa = PBXFileReference; lastKnownFileType = sourcecode.cpp.objcpp; path = POPGeometry.mm; sourceTree = "<group>"; };
		004D908B2EDD39D200BE5119 /* POPLayerExtras.h */ = {isa = PBXFileReference; lastKnownFileType = sourcecode.c.h; path = POPLayerExtras.h; sourceTree = "<group>"; };
		004D908C2EDD39D200BE5119 /* POPLayerExtras.mm */ = {isa = PBXFileReference; lastKnownFileType = sourcecode.cpp.objcpp; path = POPLayerExtras.mm; sourceTree = "<group>"; };
		004D908D2EDD39D200BE5119 /* POPMath.h */ = {isa = PBXFileReference; lastKnownFileType = sourcecode.c.h; path = POPMath.h; sourceTree = "<group>"; };
		004D908E2EDD39D200BE5119 /* POPMath.mm */ = {isa = PBXFileReference; lastKnownFileType = sourcecode.cpp.objcpp; path = POPMath.mm; sourceTree = "<group>"; };
		004D908F2EDD39D200BE5119 /* POPPropertyAnimation.h */ = {isa = PBXFileReference; lastKnownFileType = sourcecode.c.h; path = POPPropertyAnimation.h; sourceTree = "<group>"; };
		004D90902EDD39D200BE5119 /* POPPropertyAnimation.mm */ = {isa = PBXFileReference; lastKnownFileType = sourcecode.cpp.objcpp; path = POPPropertyAnimation.mm; sourceTree = "<group>"; };
		004D90912EDD39D200BE5119 /* POPPropertyAnimationInternal.h */ = {isa = PBXFileReference; lastKnownFileType = sourcecode.c.h; path = POPPropertyAnimationInternal.h; sourceTree = "<group>"; };
		004D90922EDD39D200BE5119 /* POPSpringAnimation.h */ = {isa = PBXFileReference; lastKnownFileType = sourcecode.c.h; path = POPSpringAnimation.h; sourceTree = "<group>"; };
		004D90932EDD39D200BE5119 /* POPSpringAnimation.mm */ = {isa = PBXFileReference; lastKnownFileType = sourcecode.cpp.objcpp; path = POPSpringAnimation.mm; sourceTree = "<group>"; };
		004D90942EDD39D200BE5119 /* POPSpringAnimationInternal.h */ = {isa = PBXFileReference; lastKnownFileType = sourcecode.c.h; path = POPSpringAnimationInternal.h; sourceTree = "<group>"; };
		004D90952EDD39D200BE5119 /* POPSpringSolver.h */ = {isa = PBXFileReference; lastKnownFileType = sourcecode.c.h; path = POPSpringSolver.h; sourceTree = "<group>"; };
		004D90962EDD39D200BE5119 /* POPVector.h */ = {isa = PBXFileReference; lastKnownFileType = sourcecode.c.h; path = POPVector.h; sourceTree = "<group>"; };
		004D90972EDD39D200BE5119 /* POPVector.mm */ = {isa = PBXFileReference; lastKnownFileType = sourcecode.cpp.objcpp; path = POPVector.mm; sourceTree = "<group>"; };
		004D90B12EDE8DC000BE5119 /* MainTabBarController.swift */ = {isa = PBXFileReference; lastKnownFileType = sourcecode.swift; path = MainTabBarController.swift; sourceTree = "<group>"; };
		004D90B62EDE900400BE5119 /* Env.swift */ = {isa = PBXFileReference; lastKnownFileType = sourcecode.swift; path = Env.swift; sourceTree = "<group>"; };
		004D90B82EDE936600BE5119 /* JPrint.swift */ = {isa = PBXFileReference; lastKnownFileType = sourcecode.swift; path = JPrint.swift; sourceTree = "<group>"; };
		004D90BA2EDE987A00BE5119 /* Asyncs.swift */ = {isa = PBXFileReference; lastKnownFileType = sourcecode.swift; path = Asyncs.swift; sourceTree = "<group>"; };
		004D90BD2EDEBBF700BE5119 /* JPConstant.h */ = {isa = PBXFileReference; lastKnownFileType = sourcecode.c.h; path = JPConstant.h; sourceTree = "<group>"; };
		004D90BE2EDEBBF700BE5119 /* JPConstant.m */ = {isa = PBXFileReference; lastKnownFileType = sourcecode.c.objc; path = JPConstant.m; sourceTree = "<group>"; };
		004D90C02EDEC4D600BE5119 /* BaseNavigationController.swift */ = {isa = PBXFileReference; lastKnownFileType = sourcecode.swift; path = BaseNavigationController.swift; sourceTree = "<group>"; };
		004D90C22EDEC4E800BE5119 /* BaseViewController.swift */ = {isa = PBXFileReference; lastKnownFileType = sourcecode.swift; path = BaseViewController.swift; sourceTree = "<group>"; };
		004D90C52EDEC90700BE5119 /* UIView+JPPOP.h */ = {isa = PBXFileReference; lastKnownFileType = sourcecode.c.h; path = "UIView+JPPOP.h"; sourceTree = "<group>"; };
		004D90C62EDEC90700BE5119 /* UIView+JPPOP.m */ = {isa = PBXFileReference; lastKnownFileType = sourcecode.c.objc; path = "UIView+JPPOP.m"; sourceTree = "<group>"; };
		004D90C82EDEDADE00BE5119 /* TabBarContainer.swift */ = {isa = PBXFileReference; lastKnownFileType = sourcecode.swift; path = TabBarContainer.swift; sourceTree = "<group>"; };
		004D90CA2EDEE9EC00BE5119 /* UIColor+Extension.swift */ = {isa = PBXFileReference; lastKnownFileType = sourcecode.swift; path = "UIColor+Extension.swift"; sourceTree = "<group>"; };
		004D90CE2EDEF27300BE5119 /* IMG_0.jpeg */ = {isa = PBXFileReference; lastKnownFileType = image.jpeg; path = IMG_0.jpeg; sourceTree = "<group>"; };
		004D90CF2EDEF27300BE5119 /* IMG_1.jpeg */ = {isa = PBXFileReference; lastKnownFileType = image.jpeg; path = IMG_1.jpeg; sourceTree = "<group>"; };
		004D90D12EDEF27300BE5119 /* IMG_3.jpeg */ = {isa = PBXFileReference; lastKnownFileType = image.jpeg; path = IMG_3.jpeg; sourceTree = "<group>"; };
		004D90D22EDEF27300BE5119 /* IMG_4.jpeg */ = {isa = PBXFileReference; lastKnownFileType = image.jpeg; path = IMG_4.jpeg; sourceTree = "<group>"; };
		004D90D32EDEF27300BE5119 /* IMG_5.jpeg */ = {isa = PBXFileReference; lastKnownFileType = image.jpeg; path = IMG_5.jpeg; sourceTree = "<group>"; };
		004D90D42EDEF27300BE5119 /* IMG_6.jpeg */ = {isa = PBXFileReference; lastKnownFileType = image.jpeg; path = IMG_6.jpeg; sourceTree = "<group>"; };
		004D90D52EDEF27300BE5119 /* IMG_2.jpeg */ = {isa = PBXFileReference; lastKnownFileType = image.jpeg; path = IMG_2.jpeg; sourceTree = "<group>"; };
		004D90DE2EDEFA8000BE5119 /* HomeViewController.swift */ = {isa = PBXFileReference; lastKnownFileType = sourcecode.swift; path = HomeViewController.swift; sourceTree = "<group>"; };
		004D90E02EDF013B00BE5119 /* TempViewController.swift */ = {isa = PBXFileReference; lastKnownFileType = sourcecode.swift; path = TempViewController.swift; sourceTree = "<group>"; };
		004D90E22EDF2C0100BE5119 /* README.md */ = {isa = PBXFileReference; lastKnownFileType = net.daringfireball.markdown; path = README.md; sourceTree = "<group>"; };
		004D91102EEFB03400BE5119 /* WLTabBar+.swift */ = {isa = PBXFileReference; lastKnownFileType = sourcecode.swift; path = "WLTabBar+.swift"; sourceTree = "<group>"; };
		004D91132EEFB16100BE5119 /* MainTab.swift */ = {isa = PBXFileReference; lastKnownFileType = sourcecode.swift; path = MainTab.swift; sourceTree = "<group>"; };
/* End PBXFileReference section */

/* Begin PBXFrameworksBuildPhase section */
		004D8FCE2EDC3C7D00BE5119 /* Frameworks */ = {
			isa = PBXFrameworksBuildPhase;
			buildActionMask = 2147483647;
			files = (
			);
			runOnlyForDeploymentPostprocessing = 0;
		};
/* End PBXFrameworksBuildPhase section */

/* Begin PBXGroup section */
		004D8FC82EDC3C7D00BE5119 = {
			isa = PBXGroup;
			children = (
				004D90E22EDF2C0100BE5119 /* README.md */,
				004D90022EDC3CBE00BE5119 /* ClassicTabBarUsingDemo */,
				004D8FD22EDC3C7D00BE5119 /* Products */,
			);
			sourceTree = "<group>";
		};
		004D8FD22EDC3C7D00BE5119 /* Products */ = {
			isa = PBXGroup;
			children = (
				004D8FD12EDC3C7D00BE5119 /* ClassicTabBarUsingDemo.app */,
			);
			name = Products;
			sourceTree = "<group>";
		};
		004D90022EDC3CBE00BE5119 /* ClassicTabBarUsingDemo */ = {
			isa = PBXGroup;
			children = (
				004D8FF92EDC3CBE00BE5119 /* AppDelegate.swift */,
				004D90002EDC3CBE00BE5119 /* SceneDelegate.swift */,
				004D910E2EEFACC500BE5119 /* Main */,
				004D90CC2EDEF1C200BE5119 /* Base */,
				004D90622EDD37D000BE5119 /* Helper */,
				004D900B2EDC3CF400BE5119 /* Supporting Files */,
			);
			path = ClassicTabBarUsingDemo;
			sourceTree = "<group>";
		};
		004D900B2EDC3CF400BE5119 /* Supporting Files */ = {
			isa = PBXGroup;
			children = (
				004D90CD2EDEF1DD00BE5119 /* Resources */,
				004D900D2EDD354F00BE5119 /* ClassicTabBarUsingDemo-Bridging-Header.h */,
				004D8FFA2EDC3CBE00BE5119 /* Assets.xcassets */,
				004D8FFB2EDC3CBE00BE5119 /* Info.plist */,
				004D8FFD2EDC3CBE00BE5119 /* LaunchScreen.storyboard */,
			);
			path = "Supporting Files";
			sourceTree = "<group>";
		};
		004D900C2EDD353D00BE5119 /* TabBar */ = {
			isa = PBXGroup;
			children = (
				004D90C82EDEDADE00BE5119 /* TabBarContainer.swift */,
				004D90112EDD358800BE5119 /* WLTabBar.h */,
				004D90122EDD358800BE5119 /* WLTabBar.m */,
				004D91102EEFB03400BE5119 /* WLTabBar+.swift */,
			);
			path = TabBar;
			sourceTree = "<group>";
		};
		004D90622EDD37D000BE5119 /* Helper */ = {
			isa = PBXGroup;
			children = (
				004D90C42EDEC8F800BE5119 /* Category */,
				004D90B52EDE8FF900BE5119 /* Const */,
				004D90B42EDE8FE600BE5119 /* Tool */,
				004D90B32EDE8FDB00BE5119 /* View */,
				004D90982EDD39D200BE5119 /* pop */,
			);
			path = Helper;
			sourceTree = "<group>";
		};
		004D90672EDD39D200BE5119 /* WebCore */ = {
			isa = PBXGroup;
			children = (
				004D90632EDD39D200BE5119 /* FloatConversion.h */,
				004D90642EDD39D200BE5119 /* TransformationMatrix.h */,
				004D90652EDD39D200BE5119 /* TransformationMatrix.cpp */,
				004D90662EDD39D200BE5119 /* UnitBezier.h */,
			);
			path = WebCore;
			sourceTree = "<group>";
		};
		004D90982EDD39D200BE5119 /* pop */ = {
			isa = PBXGroup;
			children = (
				004D90672EDD39D200BE5119 /* WebCore */,
				004D90682EDD39D200BE5119 /* POP.h */,
				004D90692EDD39D200BE5119 /* POPAction.h */,
				004D906A2EDD39D200BE5119 /* POPAnimatableProperty.h */,
				004D906B2EDD39D200BE5119 /* POPAnimatableProperty.mm */,
				004D906C2EDD39D200BE5119 /* POPAnimatablePropertyTypes.h */,
				004D906D2EDD39D200BE5119 /* POPAnimation.h */,
				004D906E2EDD39D200BE5119 /* POPAnimation.mm */,
				004D906F2EDD39D200BE5119 /* POPAnimationEvent.h */,
				004D90702EDD39D200BE5119 /* POPAnimationEvent.mm */,
				004D90712EDD39D200BE5119 /* POPAnimationEventInternal.h */,
				004D90722EDD39D200BE5119 /* POPAnimationExtras.h */,
				004D90732EDD39D200BE5119 /* POPAnimationExtras.mm */,
				004D90742EDD39D200BE5119 /* POPAnimationInternal.h */,
				004D90752EDD39D200BE5119 /* POPAnimationPrivate.h */,
				004D90762EDD39D200BE5119 /* POPAnimationRuntime.h */,
				004D90772EDD39D200BE5119 /* POPAnimationRuntime.mm */,
				004D90782EDD39D200BE5119 /* POPAnimationTracer.h */,
				004D90792EDD39D200BE5119 /* POPAnimationTracer.mm */,
				004D907A2EDD39D200BE5119 /* POPAnimationTracerInternal.h */,
				004D907B2EDD39D200BE5119 /* POPAnimator.h */,
				004D907C2EDD39D200BE5119 /* POPAnimator.mm */,
				004D907D2EDD39D200BE5119 /* POPAnimatorPrivate.h */,
				004D907E2EDD39D200BE5119 /* POPBasicAnimation.h */,
				004D907F2EDD39D200BE5119 /* POPBasicAnimation.mm */,
				004D90802EDD39D200BE5119 /* POPBasicAnimationInternal.h */,
				004D90812EDD39D200BE5119 /* POPCGUtils.h */,
				004D90822EDD39D200BE5119 /* POPCGUtils.mm */,
				004D90832EDD39D200BE5119 /* POPCustomAnimation.h */,
				004D90842EDD39D200BE5119 /* POPCustomAnimation.mm */,
				004D90852EDD39D200BE5119 /* POPDecayAnimation.h */,
				004D90862EDD39D200BE5119 /* POPDecayAnimation.mm */,
				004D90872EDD39D200BE5119 /* POPDecayAnimationInternal.h */,
				004D90882EDD39D200BE5119 /* POPDefines.h */,
				004D90892EDD39D200BE5119 /* POPGeometry.h */,
				004D908A2EDD39D200BE5119 /* POPGeometry.mm */,
				004D908B2EDD39D200BE5119 /* POPLayerExtras.h */,
				004D908C2EDD39D200BE5119 /* POPLayerExtras.mm */,
				004D908D2EDD39D200BE5119 /* POPMath.h */,
				004D908E2EDD39D200BE5119 /* POPMath.mm */,
				004D908F2EDD39D200BE5119 /* POPPropertyAnimation.h */,
				004D90902EDD39D200BE5119 /* POPPropertyAnimation.mm */,
				004D90912EDD39D200BE5119 /* POPPropertyAnimationInternal.h */,
				004D90922EDD39D200BE5119 /* POPSpringAnimation.h */,
				004D90932EDD39D200BE5119 /* POPSpringAnimation.mm */,
				004D90942EDD39D200BE5119 /* POPSpringAnimationInternal.h */,
				004D90952EDD39D200BE5119 /* POPSpringSolver.h */,
				004D90962EDD39D200BE5119 /* POPVector.h */,
				004D90972EDD39D200BE5119 /* POPVector.mm */,
			);
			path = pop;
			sourceTree = "<group>";
		};
		004D90B32EDE8FDB00BE5119 /* View */ = {
			isa = PBXGroup;
			children = (
				004D90172EDD35CB00BE5119 /* JPBounceView.h */,
				004D90182EDD35CB00BE5119 /* JPBounceView.m */,
			);
			path = View;
			sourceTree = "<group>";
		};
		004D90B42EDE8FE600BE5119 /* Tool */ = {
			isa = PBXGroup;
			children = (
				004D90B82EDE936600BE5119 /* JPrint.swift */,
				004D90BA2EDE987A00BE5119 /* Asyncs.swift */,
			);
			path = Tool;
			sourceTree = "<group>";
		};
		004D90B52EDE8FF900BE5119 /* Const */ = {
			isa = PBXGroup;
			children = (
				004D90B62EDE900400BE5119 /* Env.swift */,
				004D90BD2EDEBBF700BE5119 /* JPConstant.h */,
				004D90BE2EDEBBF700BE5119 /* JPConstant.m */,
			);
			path = Const;
			sourceTree = "<group>";
		};
		004D90C42EDEC8F800BE5119 /* Category */ = {
			isa = PBXGroup;
			children = (
				004D90C52EDEC90700BE5119 /* UIView+JPPOP.h */,
				004D90C62EDEC90700BE5119 /* UIView+JPPOP.m */,
				004D90CA2EDEE9EC00BE5119 /* UIColor+Extension.swift */,
			);
			path = Category;
			sourceTree = "<group>";
		};
		004D90CC2EDEF1C200BE5119 /* Base */ = {
			isa = PBXGroup;
			children = (
				004D90C02EDEC4D600BE5119 /* BaseNavigationController.swift */,
				004D90C22EDEC4E800BE5119 /* BaseViewController.swift */,
			);
			path = Base;
			sourceTree = "<group>";
		};
		004D90CD2EDEF1DD00BE5119 /* Resources */ = {
			isa = PBXGroup;
			children = (
				004D90CE2EDEF27300BE5119 /* IMG_0.jpeg */,
				004D90CF2EDEF27300BE5119 /* IMG_1.jpeg */,
				004D90D52EDEF27300BE5119 /* IMG_2.jpeg */,
				004D90D12EDEF27300BE5119 /* IMG_3.jpeg */,
				004D90D22EDEF27300BE5119 /* IMG_4.jpeg */,
				004D90D32EDEF27300BE5119 /* IMG_5.jpeg */,
				004D90D42EDEF27300BE5119 /* IMG_6.jpeg */,
			);
			path = Resources;
			sourceTree = "<group>";
		};
		004D910E2EEFACC500BE5119 /* Main */ = {
			isa = PBXGroup;
			children = (
				004D91132EEFB16100BE5119 /* MainTab.swift */,
				004D90B12EDE8DC000BE5119 /* MainTabBarController.swift */,
				004D900C2EDD353D00BE5119 /* TabBar */,
				004D91172EF39BAD00BE5119 /* ViewController */,
			);
			path = Main;
			sourceTree = "<group>";
		};
		004D91172EF39BAD00BE5119 /* ViewController */ = {
			isa = PBXGroup;
			children = (
				004D90DE2EDEFA8000BE5119 /* HomeViewController.swift */,
				004D90E02EDF013B00BE5119 /* TempViewController.swift */,
			);
			path = ViewController;
			sourceTree = "<group>";
		};
/* End PBXGroup section */

/* Begin PBXNativeTarget section */
		004D8FD02EDC3C7D00BE5119 /* ClassicTabBarUsingDemo */ = {
			isa = PBXNativeTarget;
			buildConfigurationList = 004D8FE42EDC3C7F00BE5119 /* Build configuration list for PBXNativeTarget "ClassicTabBarUsingDemo" */;
			buildPhases = (
				004D8FCD2EDC3C7D00BE5119 /* Sources */,
				004D8FCE2EDC3C7D00BE5119 /* Frameworks */,
				004D8FCF2EDC3C7D00BE5119 /* Resources */,
			);
			buildRules = (
			);
			dependencies = (
			);
			name = ClassicTabBarUsingDemo;
			packageProductDependencies = (
			);
			productName = ClassicTabBarUsingDemo;
			productReference = 004D8FD12EDC3C7D00BE5119 /* ClassicTabBarUsingDemo.app */;
			productType = "com.apple.product-type.application";
		};
/* End PBXNativeTarget section */

/* Begin PBXProject section */
		004D8FC92EDC3C7D00BE5119 /* Project object */ = {
			isa = PBXProject;
			attributes = {
				BuildIndependentTargetsInParallel = 1;
				LastSwiftUpdateCheck = 2610;
				LastUpgradeCheck = 2610;
				TargetAttributes = {
					004D8FD02EDC3C7D00BE5119 = {
						CreatedOnToolsVersion = 26.1.1;
						LastSwiftMigration = 2610;
					};
				};
			};
			buildConfigurationList = 004D8FCC2EDC3C7D00BE5119 /* Build configuration list for PBXProject "ClassicTabBarUsingDemo" */;
			developmentRegion = en;
			hasScannedForEncodings = 0;
			knownRegions = (
				en,
				Base,
			);
			mainGroup = 004D8FC82EDC3C7D00BE5119;
			minimizedProjectReferenceProxies = 1;
			preferredProjectObjectVersion = 77;
			productRefGroup = 004D8FD22EDC3C7D00BE5119 /* Products */;
			projectDirPath = "";
			projectRoot = "";
			targets = (
				004D8FD02EDC3C7D00BE5119 /* ClassicTabBarUsingDemo */,
			);
		};
/* End PBXProject section */

/* Begin PBXResourcesBuildPhase section */
		004D8FCF2EDC3C7D00BE5119 /* Resources */ = {
			isa = PBXResourcesBuildPhase;
			buildActionMask = 2147483647;
			files = (
				004D90D62EDEF27300BE5119 /* IMG_3.jpeg in Resources */,
				004D90D72EDEF27300BE5119 /* IMG_4.jpeg in Resources */,
				004D90D92EDEF27300BE5119 /* IMG_0.jpeg in Resources */,
				004D90DA2EDEF27300BE5119 /* IMG_5.jpeg in Resources */,
				004D90DB2EDEF27300BE5119 /* IMG_6.jpeg in Resources */,
				004D90DC2EDEF27300BE5119 /* IMG_2.jpeg in Resources */,
				004D90DD2EDEF27300BE5119 /* IMG_1.jpeg in Resources */,
				004D90062EDC3CBE00BE5119 /* Assets.xcassets in Resources */,
				004D90082EDC3CBE00BE5119 /* LaunchScreen.storyboard in Resources */,
			);
			runOnlyForDeploymentPostprocessing = 0;
		};
/* End PBXResourcesBuildPhase section */

/* Begin PBXSourcesBuildPhase section */
		004D8FCD2EDC3C7D00BE5119 /* Sources */ = {
			isa = PBXSourcesBuildPhase;
			buildActionMask = 2147483647;
			files = (
				004D90032EDC3CBE00BE5119 /* AppDelegate.swift in Sources */,
				004D90042EDC3CBE00BE5119 /* SceneDelegate.swift in Sources */,
				004D909C2EDD39D200BE5119 /* POPLayerExtras.mm in Sources */,
				004D909D2EDD39D200BE5119 /* TransformationMatrix.cpp in Sources */,
				004D91142EEFB16100BE5119 /* MainTab.swift in Sources */,
				004D90E12EDF013B00BE5119 /* TempViewController.swift in Sources */,
				004D90C32EDEC4E800BE5119 /* BaseViewController.swift in Sources */,
				004D909E2EDD39D200BE5119 /* POPVector.mm in Sources */,
				004D90B22EDE8DC000BE5119 /* MainTabBarController.swift in Sources */,
				004D909F2EDD39D200BE5119 /* POPGeometry.mm in Sources */,
				004D90A02EDD39D200BE5119 /* POPAnimationEvent.mm in Sources */,
				004D90A12EDD39D200BE5119 /* POPAnimationTracer.mm in Sources */,
				004D90BC2EDEB98F00BE5119 /* WLTabBar.m in Sources */,
				004D90A22EDD39D200BE5119 /* POPMath.mm in Sources */,
				004D90A32EDD39D200BE5119 /* POPSpringAnimation.mm in Sources */,
				004D90BB2EDE987A00BE5119 /* Asyncs.swift in Sources */,
				004D90B92EDE936600BE5119 /* JPrint.swift in Sources */,
				004D90A42EDD39D200BE5119 /* POPAnimation.mm in Sources */,
				004D90A52EDD39D200BE5119 /* POPAnimationExtras.mm in Sources */,
				004D90A62EDD39D200BE5119 /* POPAnimationRuntime.mm in Sources */,
				004D90C12EDEC4D600BE5119 /* BaseNavigationController.swift in Sources */,
				004D90C92EDEDADE00BE5119 /* TabBarContainer.swift in Sources */,
				004D90B02EDD3B2E00BE5119 /* JPBounceView.m in Sources */,
				004D90A72EDD39D200BE5119 /* POPPropertyAnimation.mm in Sources */,
				004D90A82EDD39D200BE5119 /* POPBasicAnimation.mm in Sources */,
				004D90CB2EDEE9EC00BE5119 /* UIColor+Extension.swift in Sources */,
				004D90A92EDD39D200BE5119 /* POPAnimator.mm in Sources */,
				004D90AA2EDD39D200BE5119 /* POPCustomAnimation.mm in Sources */,
				004D90BF2EDEBBF700BE5119 /* JPConstant.m in Sources */,
				004D90AB2EDD39D200BE5119 /* POPDecayAnimation.mm in Sources */,
				004D91112EEFB03400BE5119 /* WLTabBar+.swift in Sources */,
				004D90B72EDE900400BE5119 /* Env.swift in Sources */,
				004D90DF2EDEFA8000BE5119 /* HomeViewController.swift in Sources */,
				004D90AC2EDD39D200BE5119 /* POPAnimatableProperty.mm in Sources */,
				004D90C72EDEC90700BE5119 /* UIView+JPPOP.m in Sources */,
				004D90AD2EDD39D200BE5119 /* POPCGUtils.mm in Sources */,
			);
			runOnlyForDeploymentPostprocessing = 0;
		};
/* End PBXSourcesBuildPhase section */

/* Begin PBXVariantGroup section */
		004D8FFD2EDC3CBE00BE5119 /* LaunchScreen.storyboard */ = {
			isa = PBXVariantGroup;
			children = (
				004D8FFC2EDC3CBE00BE5119 /* Base */,
			);
			name = LaunchScreen.storyboard;
			sourceTree = "<group>";
		};
/* End PBXVariantGroup section */

/* Begin XCBuildConfiguration section */
		004D8FE52EDC3C7F00BE5119 /* Debug */ = {
			isa = XCBuildConfiguration;
			buildSettings = {
				ASSETCATALOG_COMPILER_APPICON_NAME = AppIcon;
				ASSETCATALOG_COMPILER_GLOBAL_ACCENT_COLOR_NAME = AccentColor;
				CLANG_ENABLE_MODULES = YES;
				CODE_SIGN_STYLE = Automatic;
				CURRENT_PROJECT_VERSION = 1;
				DEVELOPMENT_TEAM = FH4WHYK8ZQ;
				GENERATE_INFOPLIST_FILE = YES;
				INFOPLIST_FILE = "ClassicTabBarUsingDemo/Supporting Files/Info.plist";
				INFOPLIST_KEY_UIApplicationSupportsIndirectInputEvents = YES;
				INFOPLIST_KEY_UILaunchStoryboardName = LaunchScreen;
				INFOPLIST_KEY_UIMainStoryboardFile = "";
				INFOPLIST_KEY_UIStatusBarStyle = "";
				INFOPLIST_KEY_UISupportedInterfaceOrientations = UIInterfaceOrientationPortrait;
				INFOPLIST_KEY_UISupportedInterfaceOrientations_iPad = "UIInterfaceOrientationLandscapeLeft UIInterfaceOrientationLandscapeRight UIInterfaceOrientationPortrait UIInterfaceOrientationPortraitUpsideDown";
				LD_RUNPATH_SEARCH_PATHS = (
					"$(inherited)",
					"@executable_path/Frameworks",
				);
				MARKETING_VERSION = 1.0;
				PRODUCT_BUNDLE_IDENTIFIER = com.zhoujianping.ClassicTabBarUsingDemo;
				PRODUCT_NAME = "$(TARGET_NAME)";
				STRING_CATALOG_GENERATE_SYMBOLS = YES;
				SUPPORTED_PLATFORMS = "iphoneos iphonesimulator";
				SUPPORTS_MACCATALYST = NO;
				SUPPORTS_MAC_DESIGNED_FOR_IPHONE_IPAD = NO;
				SUPPORTS_XR_DESIGNED_FOR_IPHONE_IPAD = NO;
				SWIFT_APPROACHABLE_CONCURRENCY = YES;
				SWIFT_DEFAULT_ACTOR_ISOLATION = MainActor;
				SWIFT_EMIT_LOC_STRINGS = YES;
				SWIFT_OBJC_BRIDGING_HEADER = "ClassicTabBarUsingDemo/Supporting Files/ClassicTabBarUsingDemo-Bridging-Header.h";
				SWIFT_OPTIMIZATION_LEVEL = "-Onone";
				SWIFT_UPCOMING_FEATURE_MEMBER_IMPORT_VISIBILITY = YES;
				SWIFT_VERSION = 5.0;
				TARGETED_DEVICE_FAMILY = 1;
			};
			name = Debug;
		};
		004D8FE62EDC3C7F00BE5119 /* Release */ = {
			isa = XCBuildConfiguration;
			buildSettings = {
				ASSETCATALOG_COMPILER_APPICON_NAME = AppIcon;
				ASSETCATALOG_COMPILER_GLOBAL_ACCENT_COLOR_NAME = AccentColor;
				CLANG_ENABLE_MODULES = YES;
				CODE_SIGN_STYLE = Automatic;
				CURRENT_PROJECT_VERSION = 1;
				DEVELOPMENT_TEAM = FH4WHYK8ZQ;
				GENERATE_INFOPLIST_FILE = YES;
				INFOPLIST_FILE = "ClassicTabBarUsingDemo/Supporting Files/Info.plist";
				INFOPLIST_KEY_UIApplicationSupportsIndirectInputEvents = YES;
				INFOPLIST_KEY_UILaunchStoryboardName = LaunchScreen;
				INFOPLIST_KEY_UIMainStoryboardFile = "";
				INFOPLIST_KEY_UIStatusBarStyle = "";
				INFOPLIST_KEY_UISupportedInterfaceOrientations = UIInterfaceOrientationPortrait;
				INFOPLIST_KEY_UISupportedInterfaceOrientations_iPad = "UIInterfaceOrientationLandscapeLeft UIInterfaceOrientationLandscapeRight UIInterfaceOrientationPortrait UIInterfaceOrientationPortraitUpsideDown";
				LD_RUNPATH_SEARCH_PATHS = (
					"$(inherited)",
					"@executable_path/Frameworks",
				);
				MARKETING_VERSION = 1.0;
				PRODUCT_BUNDLE_IDENTIFIER = com.zhoujianping.ClassicTabBarUsingDemo;
				PRODUCT_NAME = "$(TARGET_NAME)";
				STRING_CATALOG_GENERATE_SYMBOLS = YES;
				SUPPORTED_PLATFORMS = "iphoneos iphonesimulator";
				SUPPORTS_MACCATALYST = NO;
				SUPPORTS_MAC_DESIGNED_FOR_IPHONE_IPAD = NO;
				SUPPORTS_XR_DESIGNED_FOR_IPHONE_IPAD = NO;
				SWIFT_APPROACHABLE_CONCURRENCY = YES;
				SWIFT_DEFAULT_ACTOR_ISOLATION = MainActor;
				SWIFT_EMIT_LOC_STRINGS = YES;
				SWIFT_OBJC_BRIDGING_HEADER = "ClassicTabBarUsingDemo/Supporting Files/ClassicTabBarUsingDemo-Bridging-Header.h";
				SWIFT_UPCOMING_FEATURE_MEMBER_IMPORT_VISIBILITY = YES;
				SWIFT_VERSION = 5.0;
				TARGETED_DEVICE_FAMILY = 1;
			};
			name = Release;
		};
		004D8FE72EDC3C7F00BE5119 /* Debug */ = {
			isa = XCBuildConfiguration;
			buildSettings = {
				ALWAYS_SEARCH_USER_PATHS = NO;
				ASSETCATALOG_COMPILER_GENERATE_SWIFT_ASSET_SYMBOL_EXTENSIONS = YES;
				CLANG_ANALYZER_NONNULL = YES;
				CLANG_ANALYZER_NUMBER_OBJECT_CONVERSION = YES_AGGRESSIVE;
				CLANG_CXX_LANGUAGE_STANDARD = "gnu++20";
				CLANG_ENABLE_MODULES = YES;
				CLANG_ENABLE_OBJC_ARC = YES;
				CLANG_ENABLE_OBJC_WEAK = YES;
				CLANG_WARN_BLOCK_CAPTURE_AUTORELEASING = YES;
				CLANG_WARN_BOOL_CONVERSION = YES;
				CLANG_WARN_COMMA = YES;
				CLANG_WARN_CONSTANT_CONVERSION = YES;
				CLANG_WARN_DEPRECATED_OBJC_IMPLEMENTATIONS = YES;
				CLANG_WARN_DIRECT_OBJC_ISA_USAGE = YES_ERROR;
				CLANG_WARN_DOCUMENTATION_COMMENTS = YES;
				CLANG_WARN_EMPTY_BODY = YES;
				CLANG_WARN_ENUM_CONVERSION = YES;
				CLANG_WARN_INFINITE_RECURSION = YES;
				CLANG_WARN_INT_CONVERSION = YES;
				CLANG_WARN_NON_LITERAL_NULL_CONVERSION = YES;
				CLANG_WARN_OBJC_IMPLICIT_RETAIN_SELF = YES;
				CLANG_WARN_OBJC_LITERAL_CONVERSION = YES;
				CLANG_WARN_OBJC_ROOT_CLASS = YES_ERROR;
				CLANG_WARN_QUOTED_INCLUDE_IN_FRAMEWORK_HEADER = YES;
				CLANG_WARN_RANGE_LOOP_ANALYSIS = YES;
				CLANG_WARN_STRICT_PROTOTYPES = YES;
				CLANG_WARN_SUSPICIOUS_MOVE = YES;
				CLANG_WARN_UNGUARDED_AVAILABILITY = YES_AGGRESSIVE;
				CLANG_WARN_UNREACHABLE_CODE = YES;
				CLANG_WARN__DUPLICATE_METHOD_MATCH = YES;
				COPY_PHASE_STRIP = NO;
				DEBUG_INFORMATION_FORMAT = dwarf;
				DEVELOPMENT_TEAM = FH4WHYK8ZQ;
				ENABLE_STRICT_OBJC_MSGSEND = YES;
				ENABLE_TESTABILITY = YES;
				ENABLE_USER_SCRIPT_SANDBOXING = YES;
				GCC_C_LANGUAGE_STANDARD = gnu17;
				GCC_DYNAMIC_NO_PIC = NO;
				GCC_NO_COMMON_BLOCKS = YES;
				GCC_OPTIMIZATION_LEVEL = 0;
				GCC_PREPROCESSOR_DEFINITIONS = (
					"DEBUG=1",
					"$(inherited)",
				);
				GCC_WARN_64_TO_32_BIT_CONVERSION = YES;
				GCC_WARN_ABOUT_RETURN_TYPE = YES_ERROR;
				GCC_WARN_UNDECLARED_SELECTOR = YES;
				GCC_WARN_UNINITIALIZED_AUTOS = YES_AGGRESSIVE;
				GCC_WARN_UNUSED_FUNCTION = YES;
				GCC_WARN_UNUSED_VARIABLE = YES;
				IPHONEOS_DEPLOYMENT_TARGET = 26.1;
				LOCALIZATION_PREFERS_STRING_CATALOGS = YES;
				MTL_ENABLE_DEBUG_INFO = INCLUDE_SOURCE;
				MTL_FAST_MATH = YES;
				ONLY_ACTIVE_ARCH = YES;
				SDKROOT = iphoneos;
				SWIFT_ACTIVE_COMPILATION_CONDITIONS = "DEBUG $(inherited)";
				SWIFT_OPTIMIZATION_LEVEL = "-Onone";
			};
			name = Debug;
		};
		004D8FE82EDC3C7F00BE5119 /* Release */ = {
			isa = XCBuildConfiguration;
			buildSettings = {
				ALWAYS_SEARCH_USER_PATHS = NO;
				ASSETCATALOG_COMPILER_GENERATE_SWIFT_ASSET_SYMBOL_EXTENSIONS = YES;
				CLANG_ANALYZER_NONNULL = YES;
				CLANG_ANALYZER_NUMBER_OBJECT_CONVERSION = YES_AGGRESSIVE;
				CLANG_CXX_LANGUAGE_STANDARD = "gnu++20";
				CLANG_ENABLE_MODULES = YES;
				CLANG_ENABLE_OBJC_ARC = YES;
				CLANG_ENABLE_OBJC_WEAK = YES;
				CLANG_WARN_BLOCK_CAPTURE_AUTORELEASING = YES;
				CLANG_WARN_BOOL_CONVERSION = YES;
				CLANG_WARN_COMMA = YES;
				CLANG_WARN_CONSTANT_CONVERSION = YES;
				CLANG_WARN_DEPRECATED_OBJC_IMPLEMENTATIONS = YES;
				CLANG_WARN_DIRECT_OBJC_ISA_USAGE = YES_ERROR;
				CLANG_WARN_DOCUMENTATION_COMMENTS = YES;
				CLANG_WARN_EMPTY_BODY = YES;
				CLANG_WARN_ENUM_CONVERSION = YES;
				CLANG_WARN_INFINITE_RECURSION = YES;
				CLANG_WARN_INT_CONVERSION = YES;
				CLANG_WARN_NON_LITERAL_NULL_CONVERSION = YES;
				CLANG_WARN_OBJC_IMPLICIT_RETAIN_SELF = YES;
				CLANG_WARN_OBJC_LITERAL_CONVERSION = YES;
				CLANG_WARN_OBJC_ROOT_CLASS = YES_ERROR;
				CLANG_WARN_QUOTED_INCLUDE_IN_FRAMEWORK_HEADER = YES;
				CLANG_WARN_RANGE_LOOP_ANALYSIS = YES;
				CLANG_WARN_STRICT_PROTOTYPES = YES;
				CLANG_WARN_SUSPICIOUS_MOVE = YES;
				CLANG_WARN_UNGUARDED_AVAILABILITY = YES_AGGRESSIVE;
				CLANG_WARN_UNREACHABLE_CODE = YES;
				CLANG_WARN__DUPLICATE_METHOD_MATCH = YES;
				COPY_PHASE_STRIP = NO;
				DEBUG_INFORMATION_FORMAT = "dwarf-with-dsym";
				DEVELOPMENT_TEAM = FH4WHYK8ZQ;
				ENABLE_NS_ASSERTIONS = NO;
				ENABLE_STRICT_OBJC_MSGSEND = YES;
				ENABLE_USER_SCRIPT_SANDBOXING = YES;
				GCC_C_LANGUAGE_STANDARD = gnu17;
				GCC_NO_COMMON_BLOCKS = YES;
				GCC_WARN_64_TO_32_BIT_CONVERSION = YES;
				GCC_WARN_ABOUT_RETURN_TYPE = YES_ERROR;
				GCC_WARN_UNDECLARED_SELECTOR = YES;
				GCC_WARN_UNINITIALIZED_AUTOS = YES_AGGRESSIVE;
				GCC_WARN_UNUSED_FUNCTION = YES;
				GCC_WARN_UNUSED_VARIABLE = YES;
				IPHONEOS_DEPLOYMENT_TARGET = 26.1;
				LOCALIZATION_PREFERS_STRING_CATALOGS = YES;
				MTL_ENABLE_DEBUG_INFO = NO;
				MTL_FAST_MATH = YES;
				SDKROOT = iphoneos;
				SWIFT_COMPILATION_MODE = wholemodule;
				VALIDATE_PRODUCT = YES;
			};
			name = Release;
		};
/* End XCBuildConfiguration section */

/* Begin XCConfigurationList section */
		004D8FCC2EDC3C7D00BE5119 /* Build configuration list for PBXProject "ClassicTabBarUsingDemo" */ = {
			isa = XCConfigurationList;
			buildConfigurations = (
				004D8FE72EDC3C7F00BE5119 /* Debug */,
				004D8FE82EDC3C7F00BE5119 /* Release */,
			);
			defaultConfigurationIsVisible = 0;
			defaultConfigurationName = Release;
		};
		004D8FE42EDC3C7F00BE5119 /* Build configuration list for PBXNativeTarget "ClassicTabBarUsingDemo" */ = {
			isa = XCConfigurationList;
			buildConfigurations = (
				004D8FE52EDC3C7F00BE5119 /* Debug */,
				004D8FE62EDC3C7F00BE5119 /* Release */,
			);
			defaultConfigurationIsVisible = 0;
			defaultConfigurationName = Release;
		};
/* End XCConfigurationList section */
	};
	rootObject = 004D8FC92EDC3C7D00BE5119 /* Project object */;
}
